
Microsoft Visual Studio Solution File, Format Version 12.00
# Visual Studio Version 17
VisualStudioVersion = 17.3.32922.545
MinimumVisualStudioVersion = 10.0.40219.1
Project("{FAE04EC0-301F-11D3-BF4B-00C04F79EFBC}") = "Route.NetPL", "Route.NetPL.csproj", "{6ACD1582-22E1-4CEE-8EBD-D82E1FD2C8DC}"
EndProject
Project("{FAE04EC0-301F-11D3-BF4B-00C04F79EFBC}") = "Route.NetBLL", "..\Route.NetBLL\Route.NetBLL.csproj", "{394D9D60-95AA-454E-8017-6B66D914D93E}"
EndProject
Project("{FAE04EC0-301F-11D3-BF4B-00C04F79EFBC}") = "Route.NetDAL", "..\Route.NetDAL\Route.NetDAL.csproj", "{F766DED4-C146-4583-9DD8-642C2985C64F}"
EndProject
Global
	GlobalSection(SolutionConfigurationPlatforms) = preSolution
		Debug|Any CPU = Debug|Any CPU
		Release|Any CPU = Release|Any CPU
	EndGlobalSection
	GlobalSection(ProjectConfigurationPlatforms) = postSolution
		{6ACD1582-22E1-4CEE-8EBD-D82E1FD2C8DC}.Debug|Any CPU.ActiveCfg = Debug|Any CPU
		{6ACD1582-22E1-4CEE-8EBD-D82E1FD2C8DC}.Debug|Any CPU.Build.0 = Debug|Any CPU
		{6ACD1582-22E1-4CEE-8EBD-D82E1FD2C8DC}.Release|Any CPU.ActiveCfg = Release|Any CPU
		{6ACD1582-22E1-4CEE-8EBD-D82E1FD2C8DC}.Release|Any CPU.Build.0 = Release|Any CPU
		{394D9D60-95AA-454E-8017-6B66D914D93E}.Debug|Any CPU.ActiveCfg = Debug|Any CPU
		{394D9D60-95AA-454E-8017-6B66D914D93E}.Debug|Any CPU.Build.0 = Debug|Any CPU
		{394D9D60-95AA-454E-8017-6B66D914D93E}.Release|Any CPU.ActiveCfg = Release|Any CPU
		{394D9D60-95AA-454E-8017-6B66D914D93E}.Release|Any CPU.Build.0 = Release|Any CPU
		{F766DED4-C146-4583-9DD8-642C2985C64F}.Debug|Any CPU.ActiveCfg = Debug|Any CPU
		{F766DED4-C146-4583-9DD8-642C2985C64F}.Debug|Any CPU.Build.0 = Debug|Any CPU
		{F766DED4-C146-4583-9DD8-642C2985C64F}.Release|Any CPU.ActiveCfg = Release|Any CPU
		{F766DED4-C146-4583-9DD8-642C2985C64F}.Release|Any CPU.Build.0 = Release|Any CPU
	EndGlobalSection
	GlobalSection(SolutionProperties) = preSolution
		HideSolutionNode = FALSE
	EndGlobalSection
	GlobalSection(ExtensibilityGlobals) = postSolution
		SolutionGuid = {2C46DE87-0874-4EFB-A0B9-B18B240EF3F8}
	EndGlobalSection
EndGlobal
